
Microsoft Visual Studio Solution File, Format Version 12.00
# Visual Studio Version 16
VisualStudioVersion = 16.0.30717.126
MinimumVisualStudioVersion = 10.0.40219.1
Project("{9A19103F-16F7-4668-BE54-9A1E7A4F7556}") = "AspNetCoreHero.Boilerplate.Api", "AspNetCoreHero.Boilerplate.Api\AspNetCoreHero.Boilerplate.Api.csproj", "{FF4CA941-2F88-4B88-A936-4925F36070B1}"
EndProject
Project("{9A19103F-16F7-4668-BE54-9A1E7A4F7556}") = "AspNetCoreHero.Boilerplate.Web", "AspNetCoreHero.Boilerplate.Web\AspNetCoreHero.Boilerplate.Web.csproj", "{13F3C442-3D44-40AF-9E0F-99DC35A26F45}"
EndProject
Project("{2150E333-8FDC-42A3-9474-1A3956D46DE8}") = "Source", "Source", "{267D29E0-F443-4639-B978-2C558F631685}"
EndProject
Project("{2150E333-8FDC-42A3-9474-1A3956D46DE8}") = "Core", "Core", "{544A568D-F871-4182-9825-CEFB86A3F81F}"
EndProject
Project("{2150E333-8FDC-42A3-9474-1A3956D46DE8}") = "Infrastructure", "Infrastructure", "{C7AA309A-117E-4B05-82DD-CFF73A83EC3C}"
EndProject
Project("{2150E333-8FDC-42A3-9474-1A3956D46DE8}") = "Presentations", "Presentations", "{AC43F2DB-E92D-4116-A637-85443C7A270A}"
EndProject
Project("{9A19103F-16F7-4668-BE54-9A1E7A4F7556}") = "AspNetCoreHero.Boilerplate.Domain", "AspNetCoreHero.Boilerplate.Domain\AspNetCoreHero.Boilerplate.Domain.csproj", "{A3E29825-3620-4DE0-B3E3-7A7618B1E9AE}"
EndProject
Project("{9A19103F-16F7-4668-BE54-9A1E7A4F7556}") = "AspNetCoreHero.Boilerplate.Application", "AspNetCoreHero.Boilerplate.Application\AspNetCoreHero.Boilerplate.Application.csproj", "{04E175BB-45F3-4C79-8ACC-0BADBE07AC80}"
EndProject
Project("{9A19103F-16F7-4668-BE54-9A1E7A4F7556}") = "AspNetCoreHero.Boilerplate.Infrastructure", "AspNetCoreHero.Boilerplate.Infrastructure\AspNetCoreHero.Boilerplate.Infrastructure.csproj", "{2CB63A3A-822A-4B65-BD31-5950BF741D32}"
EndProject
Project("{2150E333-8FDC-42A3-9474-1A3956D46DE8}") = "Solution Items", "Solution Items", "{20BC39C7-DF81-48E7-A00B-DF1A569D1B6E}"
	ProjectSection(SolutionItems) = preProject
		README.md = README.md
	EndProjectSection
EndProject
Project("{9A19103F-16F7-4668-BE54-9A1E7A4F7556}") = "AspNetCoreHero.Boilerplate.Infrastructure.Shared", "AspNetCoreHero.Boilerplate.Infrastructure.Shared\AspNetCoreHero.Boilerplate.Infrastructure.Shared.csproj", "{7E62A300-1001-4F7D-9E25-C3CE55BFFBBF}"
EndProject
Global
	GlobalSection(SolutionConfigurationPlatforms) = preSolution
		Debug|Any CPU = Debug|Any CPU
		Release|Any CPU = Release|Any CPU
	EndGlobalSection
	GlobalSection(ProjectConfigurationPlatforms) = postSolution
		{FF4CA941-2F88-4B88-A936-4925F36070B1}.Debug|Any CPU.ActiveCfg = Debug|Any CPU
		{FF4CA941-2F88-4B88-A936-4925F36070B1}.Debug|Any CPU.Build.0 = Debug|Any CPU
		{FF4CA941-2F88-4B88-A936-4925F36070B1}.Release|Any CPU.ActiveCfg = Release|Any CPU
		{FF4CA941-2F88-4B88-A936-4925F36070B1}.Release|Any CPU.Build.0 = Release|Any CPU
		{13F3C442-3D44-40AF-9E0F-99DC35A26F45}.Debug|Any CPU.ActiveCfg = Debug|Any CPU
		{13F3C442-3D44-40AF-9E0F-99DC35A26F45}.Debug|Any CPU.Build.0 = Debug|Any CPU
		{13F3C442-3D44-40AF-9E0F-99DC35A26F45}.Release|Any CPU.ActiveCfg = Release|Any CPU
		{13F3C442-3D44-40AF-9E0F-99DC35A26F45}.Release|Any CPU.Build.0 = Release|Any CPU
		{A3E29825-3620-4DE0-B3E3-7A7618B1E9AE}.Debug|Any CPU.ActiveCfg = Debug|Any CPU
		{A3E29825-3620-4DE0-B3E3-7A7618B1E9AE}.Debug|Any CPU.Build.0 = Debug|Any CPU
		{A3E29825-3620-4DE0-B3E3-7A7618B1E9AE}.Release|Any CPU.ActiveCfg = Release|Any CPU
		{A3E29825-3620-4DE0-B3E3-7A7618B1E9AE}.Release|Any CPU.Build.0 = Release|Any CPU
		{04E175BB-45F3-4C79-8ACC-0BADBE07AC80}.Debug|Any CPU.ActiveCfg = Debug|Any CPU
		{04E175BB-45F3-4C79-8ACC-0BADBE07AC80}.Debug|Any CPU.Build.0 = Debug|Any CPU
		{04E175BB-45F3-4C79-8ACC-0BADBE07AC80}.Release|Any CPU.ActiveCfg = Release|Any CPU
		{04E175BB-45F3-4C79-8ACC-0BADBE07AC80}.Release|Any CPU.Build.0 = Release|Any CPU
		{2CB63A3A-822A-4B65-BD31-5950BF741D32}.Debug|Any CPU.ActiveCfg = Debug|Any CPU
		{2CB63A3A-822A-4B65-BD31-5950BF741D32}.Debug|Any CPU.Build.0 = Debug|Any CPU
		{2CB63A3A-822A-4B65-BD31-5950BF741D32}.Release|Any CPU.ActiveCfg = Release|Any CPU
		{2CB63A3A-822A-4B65-BD31-5950BF741D32}.Release|Any CPU.Build.0 = Release|Any CPU
		{7E62A300-1001-4F7D-9E25-C3CE55BFFBBF}.Debug|Any CPU.ActiveCfg = Debug|Any CPU
		{7E62A300-1001-4F7D-9E25-C3CE55BFFBBF}.Debug|Any CPU.Build.0 = Debug|Any CPU
		{7E62A300-1001-4F7D-9E25-C3CE55BFFBBF}.Release|Any CPU.ActiveCfg = Release|Any CPU
		{7E62A300-1001-4F7D-9E25-C3CE55BFFBBF}.Release|Any CPU.Build.0 = Release|Any CPU
	EndGlobalSection
	GlobalSection(SolutionProperties) = preSolution
		HideSolutionNode = FALSE
	EndGlobalSection
	GlobalSection(NestedProjects) = preSolution
		{FF4CA941-2F88-4B88-A936-4925F36070B1} = {AC43F2DB-E92D-4116-A637-85443C7A270A}
		{13F3C442-3D44-40AF-9E0F-99DC35A26F45} = {AC43F2DB-E92D-4116-A637-85443C7A270A}
		{544A568D-F871-4182-9825-CEFB86A3F81F} = {267D29E0-F443-4639-B978-2C558F631685}
		{C7AA309A-117E-4B05-82DD-CFF73A83EC3C} = {267D29E0-F443-4639-B978-2C558F631685}
		{AC43F2DB-E92D-4116-A637-85443C7A270A} = {267D29E0-F443-4639-B978-2C558F631685}
		{A3E29825-3620-4DE0-B3E3-7A7618B1E9AE} = {544A568D-F871-4182-9825-CEFB86A3F81F}
		{04E175BB-45F3-4C79-8ACC-0BADBE07AC80} = {544A568D-F871-4182-9825-CEFB86A3F81F}
		{2CB63A3A-822A-4B65-BD31-5950BF741D32} = {C7AA309A-117E-4B05-82DD-CFF73A83EC3C}
		{7E62A300-1001-4F7D-9E25-C3CE55BFFBBF} = {C7AA309A-117E-4B05-82DD-CFF73A83EC3C}
	EndGlobalSection
	GlobalSection(ExtensibilityGlobals) = postSolution
		SolutionGuid = {5B792FBC-B8C2-415D-8EAE-05D242D43842}
	EndGlobalSection
EndGlobal
